
Microsoft Visual Studio Solution File, Format Version 12.00
# Visual Studio Version 17
VisualStudioVersion = 17.5.33627.172
MinimumVisualStudioVersion = 10.0.40219.1
Project("{FAE04EC0-301F-11D3-BF4B-00C04F79EFBC}") = "First_API", "First_API\First_API.csproj", "{A10C394F-7A99-4790-B6F4-A51F9EC48B71}"
EndProject
Global
	GlobalSection(SolutionConfigurationPlatforms) = preSolution
		Debug|Any CPU = Debug|Any CPU
		Release|Any CPU = Release|Any CPU
	EndGlobalSection
	GlobalSection(ProjectConfigurationPlatforms) = postSolution
		{A10C394F-7A99-4790-B6F4-A51F9EC48B71}.Debug|Any CPU.ActiveCfg = Debug|Any CPU
		{A10C394F-7A99-4790-B6F4-A51F9EC48B71}.Debug|Any CPU.Build.0 = Debug|Any CPU
		{A10C394F-7A99-4790-B6F4-A51F9EC48B71}.Release|Any CPU.ActiveCfg = Release|Any CPU
		{A10C394F-7A99-4790-B6F4-A51F9EC48B71}.Release|Any CPU.Build.0 = Release|Any CPU
	EndGlobalSection
	GlobalSection(SolutionProperties) = preSolution
		HideSolutionNode = FALSE
	EndGlobalSection
	GlobalSection(ExtensibilityGlobals) = postSolution
		SolutionGuid = {E98BFB2A-A652-4522-927B-388A8D4182A5}
	EndGlobalSection
EndGlobal
